// !$*UTF8*$!
{
	archiveVersion = 1;
	classes = {
	};
	objectVersion = 56;
	objects = {

/* Begin PBXBuildFile section */
		906587282B246C5000608C2D /* CircleImage.swift in Sources */ = {isa = PBXBuildFile; fileRef = 906587272B246C5000608C2D /* CircleImage.swift */; };
		9065872A2B246E5400608C2D /* MapView.swift in Sources */ = {isa = PBXBuildFile; fileRef = 906587292B246E5400608C2D /* MapView.swift */; };
		9065872E2B24780500608C2D /* landmarkData.json in Resources */ = {isa = PBXBuildFile; fileRef = 9065872D2B24780500608C2D /* landmarkData.json */; };
		906587302B24781C00608C2D /* Landmark.swift in Sources */ = {isa = PBXBuildFile; fileRef = 9065872F2B24781B00608C2D /* Landmark.swift */; };
		906587322B24F09000608C2D /* ModelData.swift in Sources */ = {isa = PBXBuildFile; fileRef = 906587312B24F09000608C2D /* ModelData.swift */; };
		906587372B24F7C600608C2D /* LandmarkRow.swift in Sources */ = {isa = PBXBuildFile; fileRef = 906587362B24F7C600608C2D /* LandmarkRow.swift */; };
		906587392B24F9E200608C2D /* LandmarkList.swift in Sources */ = {isa = PBXBuildFile; fileRef = 906587382B24F9E200608C2D /* LandmarkList.swift */; };
		9065873B2B24FCC900608C2D /* LandmarkDetail.swift in Sources */ = {isa = PBXBuildFile; fileRef = 9065873A2B24FCC900608C2D /* LandmarkDetail.swift */; };
		9065873D2B26113B00608C2D /* FavoriteButton.swift in Sources */ = {isa = PBXBuildFile; fileRef = 9065873C2B26113A00608C2D /* FavoriteButton.swift */; };
		906587412B265C2100608C2D /* HexagonParameters.swift in Sources */ = {isa = PBXBuildFile; fileRef = 906587402B265C2100608C2D /* HexagonParameters.swift */; };
		906587432B265D4100608C2D /* BadgeBackground.swift in Sources */ = {isa = PBXBuildFile; fileRef = 906587422B265D4100608C2D /* BadgeBackground.swift */; };
		906587452B2DAE9E00608C2D /* BadgeSymbol.swift in Sources */ = {isa = PBXBuildFile; fileRef = 906587442B2DAE9E00608C2D /* BadgeSymbol.swift */; };
		906587472B2DAFD200608C2D /* RotatedBadgeSymbol.swift in Sources */ = {isa = PBXBuildFile; fileRef = 906587462B2DAFD200608C2D /* RotatedBadgeSymbol.swift */; };
		90A4AE152B245EAD0082CE42 /* LandmarksApp.swift in Sources */ = {isa = PBXBuildFile; fileRef = 90A4AE142B245EAD0082CE42 /* LandmarksApp.swift */; };
		90A4AE172B245EAD0082CE42 /* ContentView.swift in Sources */ = {isa = PBXBuildFile; fileRef = 90A4AE162B245EAD0082CE42 /* ContentView.swift */; };
		90A4AE192B245EB00082CE42 /* Assets.xcassets in Resources */ = {isa = PBXBuildFile; fileRef = 90A4AE182B245EB00082CE42 /* Assets.xcassets */; };
		90A4AE1C2B245EB00082CE42 /* Preview Assets.xcassets in Resources */ = {isa = PBXBuildFile; fileRef = 90A4AE1B2B245EB00082CE42 /* Preview Assets.xcassets */; };
		90A4AE262B245EB00082CE42 /* LandmarksTests.swift in Sources */ = {isa = PBXBuildFile; fileRef = 90A4AE252B245EB00082CE42 /* LandmarksTests.swift */; };
		90A4AE302B245EB00082CE42 /* LandmarksUITests.swift in Sources */ = {isa = PBXBuildFile; fileRef = 90A4AE2F2B245EB00082CE42 /* LandmarksUITests.swift */; };
		90A4AE322B245EB00082CE42 /* LandmarksUITestsLaunchTests.swift in Sources */ = {isa = PBXBuildFile; fileRef = 90A4AE312B245EB00082CE42 /* LandmarksUITestsLaunchTests.swift */; };
/* End PBXBuildFile section */

/* Begin PBXContainerItemProxy section */
		90A4AE222B245EB00082CE42 /* PBXContainerItemProxy */ = {
			isa = PBXContainerItemProxy;
			containerPortal = 90A4AE092B245EAD0082CE42 /* Project object */;
			proxyType = 1;
			remoteGlobalIDString = 90A4AE102B245EAD0082CE42;
			remoteInfo = Landmarks;
		};
		90A4AE2C2B245EB00082CE42 /* PBXContainerItemProxy */ = {
			isa = PBXContainerItemProxy;
			containerPortal = 90A4AE092B245EAD0082CE42 /* Project object */;
			proxyType = 1;
			remoteGlobalIDString = 90A4AE102B245EAD0082CE42;
			remoteInfo = Landmarks;
		};
/* End PBXContainerItemProxy section */

/* Begin PBXFileReference section */
		906587272B246C5000608C2D /* CircleImage.swift */ = {isa = PBXFileReference; lastKnownFileType = sourcecode.swift; path = CircleImage.swift; sourceTree = "<group>"; };
		906587292B246E5400608C2D /* MapView.swift */ = {isa = PBXFileReference; lastKnownFileType = sourcecode.swift; path = MapView.swift; sourceTree = "<group>"; };
		9065872D2B24780500608C2D /* landmarkData.json */ = {isa = PBXFileReference; fileEncoding = 4; lastKnownFileType = text.json; path = landmarkData.json; sourceTree = "<group>"; };
		9065872F2B24781B00608C2D /* Landmark.swift */ = {isa = PBXFileReference; lastKnownFileType = sourcecode.swift; path = Landmark.swift; sourceTree = "<group>"; };
		906587312B24F09000608C2D /* ModelData.swift */ = {isa = PBXFileReference; lastKnownFileType = sourcecode.swift; path = ModelData.swift; sourceTree = "<group>"; };
		906587362B24F7C600608C2D /* LandmarkRow.swift */ = {isa = PBXFileReference; lastKnownFileType = sourcecode.swift; path = LandmarkRow.swift; sourceTree = "<group>"; };
		906587382B24F9E200608C2D /* LandmarkList.swift */ = {isa = PBXFileReference; lastKnownFileType = sourcecode.swift; path = LandmarkList.swift; sourceTree = "<group>"; };
		9065873A2B24FCC900608C2D /* LandmarkDetail.swift */ = {isa = PBXFileReference; lastKnownFileType = sourcecode.swift; path = LandmarkDetail.swift; sourceTree = "<group>"; };
		9065873C2B26113A00608C2D /* FavoriteButton.swift */ = {isa = PBXFileReference; lastKnownFileType = sourcecode.swift; path = FavoriteButton.swift; sourceTree = "<group>"; };
		906587402B265C2100608C2D /* HexagonParameters.swift */ = {isa = PBXFileReference; lastKnownFileType = sourcecode.swift; path = HexagonParameters.swift; sourceTree = "<group>"; };
		906587422B265D4100608C2D /* BadgeBackground.swift */ = {isa = PBXFileReference; lastKnownFileType = sourcecode.swift; path = BadgeBackground.swift; sourceTree = "<group>"; };
		906587442B2DAE9E00608C2D /* BadgeSymbol.swift */ = {isa = PBXFileReference; lastKnownFileType = sourcecode.swift; path = BadgeSymbol.swift; sourceTree = "<group>"; };
		906587462B2DAFD200608C2D /* RotatedBadgeSymbol.swift */ = {isa = PBXFileReference; lastKnownFileType = sourcecode.swift; path = RotatedBadgeSymbol.swift; sourceTree = "<group>"; };
		90A4AE112B245EAD0082CE42 /* Landmarks.app */ = {isa = PBXFileReference; explicitFileType = wrapper.application; includeInIndex = 0; path = Landmarks.app; sourceTree = BUILT_PRODUCTS_DIR; };
		90A4AE142B245EAD0082CE42 /* LandmarksApp.swift */ = {isa = PBXFileReference; lastKnownFileType = sourcecode.swift; path = LandmarksApp.swift; sourceTree = "<group>"; };
		90A4AE162B245EAD0082CE42 /* ContentView.swift */ = {isa = PBXFileReference; lastKnownFileType = sourcecode.swift; path = ContentView.swift; sourceTree = "<group>"; };
		90A4AE182B245EB00082CE42 /* Assets.xcassets */ = {isa = PBXFileReference; lastKnownFileType = folder.assetcatalog; path = Assets.xcassets; sourceTree = "<group>"; };
		90A4AE1B2B245EB00082CE42 /* Preview Assets.xcassets */ = {isa = PBXFileReference; lastKnownFileType = folder.assetcatalog; path = "Preview Assets.xcassets"; sourceTree = "<group>"; };
		90A4AE212B245EB00082CE42 /* LandmarksTests.xctest */ = {isa = PBXFileReference; explicitFileType = wrapper.cfbundle; includeInIndex = 0; path = LandmarksTests.xctest; sourceTree = BUILT_PRODUCTS_DIR; };
		90A4AE252B245EB00082CE42 /* LandmarksTests.swift */ = {isa = PBXFileReference; lastKnownFileType = sourcecode.swift; path = LandmarksTests.swift; sourceTree = "<group>"; };
		90A4AE2B2B245EB00082CE42 /* LandmarksUITests.xctest */ = {isa = PBXFileReference; explicitFileType = wrapper.cfbundle; includeInIndex = 0; path = LandmarksUITests.xctest; sourceTree = BUILT_PRODUCTS_DIR; };
		90A4AE2F2B245EB00082CE42 /* LandmarksUITests.swift */ = {isa = PBXFileReference; lastKnownFileType = sourcecode.swift; path = LandmarksUITests.swift; sourceTree = "<group>"; };
		90A4AE312B245EB00082CE42 /* LandmarksUITestsLaunchTests.swift */ = {isa = PBXFileReference; lastKnownFileType = sourcecode.swift; path = LandmarksUITestsLaunchTests.swift; sourceTree = "<group>"; };
/* End PBXFileReference section */

/* Begin PBXFrameworksBuildPhase section */
		90A4AE0E2B245EAD0082CE42 /* Frameworks */ = {
			isa = PBXFrameworksBuildPhase;
			buildActionMask = 2147483647;
			files = (
			);
			runOnlyForDeploymentPostprocessing = 0;
		};
		90A4AE1E2B245EB00082CE42 /* Frameworks */ = {
			isa = PBXFrameworksBuildPhase;
			buildActionMask = 2147483647;
			files = (
			);
			runOnlyForDeploymentPostprocessing = 0;
		};
		90A4AE282B245EB00082CE42 /* Frameworks */ = {
			isa = PBXFrameworksBuildPhase;
			buildActionMask = 2147483647;
			files = (
			);
			runOnlyForDeploymentPostprocessing = 0;
		};
/* End PBXFrameworksBuildPhase section */

/* Begin PBXGroup section */
		906587332B24F1A800608C2D /* Views */ = {
			isa = PBXGroup;
			children = (
				90A4AE162B245EAD0082CE42 /* ContentView.swift */,
				9065873E2B26123C00608C2D /* Helpers */,
				9065873F2B26124E00608C2D /* Landmarks */,
				906587402B265C2100608C2D /* HexagonParameters.swift */,
				906587422B265D4100608C2D /* BadgeBackground.swift */,
				906587442B2DAE9E00608C2D /* BadgeSymbol.swift */,
				906587462B2DAFD200608C2D /* RotatedBadgeSymbol.swift */,
			);
			path = Views;
			sourceTree = "<group>";
		};
		906587342B24F1E200608C2D /* Resources */ = {
			isa = PBXGroup;
			children = (
				9065872D2B24780500608C2D /* landmarkData.json */,
			);
			path = Resources;
			sourceTree = "<group>";
		};
		906587352B24F1EC00608C2D /* Models */ = {
			isa = PBXGroup;
			children = (
				9065872F2B24781B00608C2D /* Landmark.swift */,
				906587312B24F09000608C2D /* ModelData.swift */,
			);
			path = Models;
			sourceTree = "<group>";
		};
		9065873E2B26123C00608C2D /* Helpers */ = {
			isa = PBXGroup;
			children = (
				906587272B246C5000608C2D /* CircleImage.swift */,
				906587292B246E5400608C2D /* MapView.swift */,
				9065873C2B26113A00608C2D /* FavoriteButton.swift */,
			);
			path = Helpers;
			sourceTree = "<group>";
		};
		9065873F2B26124E00608C2D /* Landmarks */ = {
			isa = PBXGroup;
			children = (
				906587362B24F7C600608C2D /* LandmarkRow.swift */,
				906587382B24F9E200608C2D /* LandmarkList.swift */,
				9065873A2B24FCC900608C2D /* LandmarkDetail.swift */,
			);
			path = Landmarks;
			sourceTree = "<group>";
		};
		90A4AE082B245EAD0082CE42 = {
			isa = PBXGroup;
			children = (
				90A4AE132B245EAD0082CE42 /* Landmarks */,
				90A4AE242B245EB00082CE42 /* LandmarksTests */,
				90A4AE2E2B245EB00082CE42 /* LandmarksUITests */,
				90A4AE122B245EAD0082CE42 /* Products */,
			);
			sourceTree = "<group>";
		};
		90A4AE122B245EAD0082CE42 /* Products */ = {
			isa = PBXGroup;
			children = (
				90A4AE112B245EAD0082CE42 /* Landmarks.app */,
				90A4AE212B245EB00082CE42 /* LandmarksTests.xctest */,
				90A4AE2B2B245EB00082CE42 /* LandmarksUITests.xctest */,
			);
			name = Products;
			sourceTree = "<group>";
		};
		90A4AE132B245EAD0082CE42 /* Landmarks */ = {
			isa = PBXGroup;
			children = (
				906587342B24F1E200608C2D /* Resources */,
				90A4AE142B245EAD0082CE42 /* LandmarksApp.swift */,
				906587332B24F1A800608C2D /* Views */,
				906587352B24F1EC00608C2D /* Models */,
				90A4AE182B245EB00082CE42 /* Assets.xcassets */,
				90A4AE1A2B245EB00082CE42 /* Preview Content */,
			);
			path = Landmarks;
			sourceTree = "<group>";
		};
		90A4AE1A2B245EB00082CE42 /* Preview Content */ = {
			isa = PBXGroup;
			children = (
				90A4AE1B2B245EB00082CE42 /* Preview Assets.xcassets */,
			);
			path = "Preview Content";
			sourceTree = "<group>";
		};
		90A4AE242B245EB00082CE42 /* LandmarksTests */ = {
			isa = PBXGroup;
			children = (
				90A4AE252B245EB00082CE42 /* LandmarksTests.swift */,
			);
			path = LandmarksTests;
			sourceTree = "<group>";
		};
		90A4AE2E2B245EB00082CE42 /* LandmarksUITests */ = {
			isa = PBXGroup;
			children = (
				90A4AE2F2B245EB00082CE42 /* LandmarksUITests.swift */,
				90A4AE312B245EB00082CE42 /* LandmarksUITestsLaunchTests.swift */,
			);
			path = LandmarksUITests;
			sourceTree = "<group>";
		};
/* End PBXGroup section */

/* Begin PBXNativeTarget section */
		90A4AE102B245EAD0082CE42 /* Landmarks */ = {
			isa = PBXNativeTarget;
			buildConfigurationList = 90A4AE352B245EB00082CE42 /* Build configuration list for PBXNativeTarget "Landmarks" */;
			buildPhases = (
				90A4AE0D2B245EAD0082CE42 /* Sources */,
				90A4AE0E2B245EAD0082CE42 /* Frameworks */,
				90A4AE0F2B245EAD0082CE42 /* Resources */,
			);
			buildRules = (
			);
			dependencies = (
			);
			name = Landmarks;
			productName = Landmarks;
			productReference = 90A4AE112B245EAD0082CE42 /* Landmarks.app */;
			productType = "com.apple.product-type.application";
		};
		90A4AE202B245EB00082CE42 /* LandmarksTests */ = {
			isa = PBXNativeTarget;
			buildConfigurationList = 90A4AE382B245EB00082CE42 /* Build configuration list for PBXNativeTarget "LandmarksTests" */;
			buildPhases = (
				90A4AE1D2B245EB00082CE42 /* Sources */,
				90A4AE1E2B245EB00082CE42 /* Frameworks */,
				90A4AE1F2B245EB00082CE42 /* Resources */,
			);
			buildRules = (
			);
			dependencies = (
				90A4AE232B245EB00082CE42 /* PBXTargetDependency */,
			);
			name = LandmarksTests;
			productName = LandmarksTests;
			productReference = 90A4AE212B245EB00082CE42 /* LandmarksTests.xctest */;
			productType = "com.apple.product-type.bundle.unit-test";
		};
		90A4AE2A2B245EB00082CE42 /* LandmarksUITests */ = {
			isa = PBXNativeTarget;
			buildConfigurationList = 90A4AE3B2B245EB00082CE42 /* Build configuration list for PBXNativeTarget "LandmarksUITests" */;
			buildPhases = (
				90A4AE272B245EB00082CE42 /* Sources */,
				90A4AE282B245EB00082CE42 /* Frameworks */,
				90A4AE292B245EB00082CE42 /* Resources */,
			);
			buildRules = (
			);
			dependencies = (
				90A4AE2D2B245EB00082CE42 /* PBXTargetDependency */,
			);
			name = LandmarksUITests;
			productName = LandmarksUITests;
			productReference = 90A4AE2B2B245EB00082CE42 /* LandmarksUITests.xctest */;
			productType = "com.apple.product-type.bundle.ui-testing";
		};
/* End PBXNativeTarget section */

/* Begin PBXProject section */
		90A4AE092B245EAD0082CE42 /* Project object */ = {
			isa = PBXProject;
			attributes = {
				BuildIndependentTargetsInParallel = 1;
				LastSwiftUpdateCheck = 1500;
				LastUpgradeCheck = 1500;
				TargetAttributes = {
					90A4AE102B245EAD0082CE42 = {
						CreatedOnToolsVersion = 15.0.1;
					};
					90A4AE202B245EB00082CE42 = {
						CreatedOnToolsVersion = 15.0.1;
						TestTargetID = 90A4AE102B245EAD0082CE42;
					};
					90A4AE2A2B245EB00082CE42 = {
						CreatedOnToolsVersion = 15.0.1;
						TestTargetID = 90A4AE102B245EAD0082CE42;
					};
				};
			};
			buildConfigurationList = 90A4AE0C2B245EAD0082CE42 /* Build configuration list for PBXProject "Landmarks" */;
			compatibilityVersion = "Xcode 14.0";
			developmentRegion = en;
			hasScannedForEncodings = 0;
			knownRegions = (
				en,
				Base,
			);
			mainGroup = 90A4AE082B245EAD0082CE42;
			productRefGroup = 90A4AE122B245EAD0082CE42 /* Products */;
			projectDirPath = "";
			projectRoot = "";
			targets = (
				90A4AE102B245EAD0082CE42 /* Landmarks */,
				90A4AE202B245EB00082CE42 /* LandmarksTests */,
				90A4AE2A2B245EB00082CE42 /* LandmarksUITests */,
			);
		};
/* End PBXProject section */

/* Begin PBXResourcesBuildPhase section */
		90A4AE0F2B245EAD0082CE42 /* Resources */ = {
			isa = PBXResourcesBuildPhase;
			buildActionMask = 2147483647;
			files = (
				90A4AE1C2B245EB00082CE42 /* Preview Assets.xcassets in Resources */,
				90A4AE192B245EB00082CE42 /* Assets.xcassets in Resources */,
				9065872E2B24780500608C2D /* landmarkData.json in Resources */,
			);
			runOnlyForDeploymentPostprocessing = 0;
		};
		90A4AE1F2B245EB00082CE42 /* Resources */ = {
			isa = PBXResourcesBuildPhase;
			buildActionMask = 2147483647;
			files = (
			);
			runOnlyForDeploymentPostprocessing = 0;
		};
		90A4AE292B245EB00082CE42 /* Resources */ = {
			isa = PBXResourcesBuildPhase;
			buildActionMask = 2147483647;
			files = (
			);
			runOnlyForDeploymentPostprocessing = 0;
		};
/* End PBXResourcesBuildPhase section */

/* Begin PBXSourcesBuildPhase section */
		90A4AE0D2B245EAD0082CE42 /* Sources */ = {
			isa = PBXSourcesBuildPhase;
			buildActionMask = 2147483647;
			files = (
				906587452B2DAE9E00608C2D /* BadgeSymbol.swift in Sources */,
				90A4AE172B245EAD0082CE42 /* ContentView.swift in Sources */,
				9065872A2B246E5400608C2D /* MapView.swift in Sources */,
				90A4AE152B245EAD0082CE42 /* LandmarksApp.swift in Sources */,
				9065873D2B26113B00608C2D /* FavoriteButton.swift in Sources */,
				906587412B265C2100608C2D /* HexagonParameters.swift in Sources */,
				906587392B24F9E200608C2D /* LandmarkList.swift in Sources */,
				9065873B2B24FCC900608C2D /* LandmarkDetail.swift in Sources */,
				906587432B265D4100608C2D /* BadgeBackground.swift in Sources */,
				906587282B246C5000608C2D /* CircleImage.swift in Sources */,
				906587302B24781C00608C2D /* Landmark.swift in Sources */,
				906587372B24F7C600608C2D /* LandmarkRow.swift in Sources */,
				906587472B2DAFD200608C2D /* RotatedBadgeSymbol.swift in Sources */,
				906587322B24F09000608C2D /* ModelData.swift in Sources */,
			);
			runOnlyForDeploymentPostprocessing = 0;
		};
		90A4AE1D2B245EB00082CE42 /* Sources */ = {
			isa = PBXSourcesBuildPhase;
			buildActionMask = 2147483647;
			files = (
				90A4AE262B245EB00082CE42 /* LandmarksTests.swift in Sources */,
			);
			runOnlyForDeploymentPostprocessing = 0;
		};
		90A4AE272B245EB00082CE42 /* Sources */ = {
			isa = PBXSourcesBuildPhase;
			buildActionMask = 2147483647;
			files = (
				90A4AE322B245EB00082CE42 /* LandmarksUITestsLaunchTests.swift in Sources */,
				90A4AE302B245EB00082CE42 /* LandmarksUITests.swift in Sources */,
			);
			runOnlyForDeploymentPostprocessing = 0;
		};
/* End PBXSourcesBuildPhase section */

/* Begin PBXTargetDependency section */
		90A4AE232B245EB00082CE42 /* PBXTargetDependency */ = {
			isa = PBXTargetDependency;
			target = 90A4AE102B245EAD0082CE42 /* Landmarks */;
			targetProxy = 90A4AE222B245EB00082CE42 /* PBXContainerItemProxy */;
		};
		90A4AE2D2B245EB00082CE42 /* PBXTargetDependency */ = {
			isa = PBXTargetDependency;
			target = 90A4AE102B245EAD0082CE42 /* Landmarks */;
			targetProxy = 90A4AE2C2B245EB00082CE42 /* PBXContainerItemProxy */;
		};
/* End PBXTargetDependency section */

/* Begin XCBuildConfiguration section */
		90A4AE332B245EB00082CE42 /* Debug */ = {
			isa = XCBuildConfiguration;
			buildSettings = {
				ALWAYS_SEARCH_USER_PATHS = NO;
				ASSETCATALOG_COMPILER_GENERATE_SWIFT_ASSET_SYMBOL_EXTENSIONS = YES;
				CLANG_ANALYZER_NONNULL = YES;
				CLANG_ANALYZER_NUMBER_OBJECT_CONVERSION = YES_AGGRESSIVE;
				CLANG_CXX_LANGUAGE_STANDARD = "gnu++20";
				CLANG_ENABLE_MODULES = YES;
				CLANG_ENABLE_OBJC_ARC = YES;
				CLANG_ENABLE_OBJC_WEAK = YES;
				CLANG_WARN_BLOCK_CAPTURE_AUTORELEASING = YES;
				CLANG_WARN_BOOL_CONVERSION = YES;
				CLANG_WARN_COMMA = YES;
				CLANG_WARN_CONSTANT_CONVERSION = YES;
				CLANG_WARN_DEPRECATED_OBJC_IMPLEMENTATIONS = YES;
				CLANG_WARN_DIRECT_OBJC_ISA_USAGE = YES_ERROR;
				CLANG_WARN_DOCUMENTATION_COMMENTS = YES;
				CLANG_WARN_EMPTY_BODY = YES;
				CLANG_WARN_ENUM_CONVERSION = YES;
				CLANG_WARN_INFINITE_RECURSION = YES;
				CLANG_WARN_INT_CONVERSION = YES;
				CLANG_WARN_NON_LITERAL_NULL_CONVERSION = YES;
				CLANG_WARN_OBJC_IMPLICIT_RETAIN_SELF = YES;
				CLANG_WARN_OBJC_LITERAL_CONVERSION = YES;
				CLANG_WARN_OBJC_ROOT_CLASS = YES_ERROR;
				CLANG_WARN_QUOTED_INCLUDE_IN_FRAMEWORK_HEADER = YES;
				CLANG_WARN_RANGE_LOOP_ANALYSIS = YES;
				CLANG_WARN_STRICT_PROTOTYPES = YES;
				CLANG_WARN_SUSPICIOUS_MOVE = YES;
				CLANG_WARN_UNGUARDED_AVAILABILITY = YES_AGGRESSIVE;
				CLANG_WARN_UNREACHABLE_CODE = YES;
				CLANG_WARN__DUPLICATE_METHOD_MATCH = YES;
				COPY_PHASE_STRIP = NO;
				DEBUG_INFORMATION_FORMAT = dwarf;
				ENABLE_STRICT_OBJC_MSGSEND = YES;
				ENABLE_TESTABILITY = YES;
				ENABLE_USER_SCRIPT_SANDBOXING = YES;
				GCC_C_LANGUAGE_STANDARD = gnu17;
				GCC_DYNAMIC_NO_PIC = NO;
				GCC_NO_COMMON_BLOCKS = YES;
				GCC_OPTIMIZATION_LEVEL = 0;
				GCC_PREPROCESSOR_DEFINITIONS = (
					"DEBUG=1",
					"$(inherited)",
				);
				GCC_WARN_64_TO_32_BIT_CONVERSION = YES;
				GCC_WARN_ABOUT_RETURN_TYPE = YES_ERROR;
				GCC_WARN_UNDECLARED_SELECTOR = YES;
				GCC_WARN_UNINITIALIZED_AUTOS = YES_AGGRESSIVE;
				GCC_WARN_UNUSED_FUNCTION = YES;
				GCC_WARN_UNUSED_VARIABLE = YES;
				IPHONEOS_DEPLOYMENT_TARGET = 17.0;
				LOCALIZATION_PREFERS_STRING_CATALOGS = YES;
				MTL_ENABLE_DEBUG_INFO = INCLUDE_SOURCE;
				MTL_FAST_MATH = YES;
				ONLY_ACTIVE_ARCH = YES;
				SDKROOT = iphoneos;
				SWIFT_ACTIVE_COMPILATION_CONDITIONS = "DEBUG $(inherited)";
				SWIFT_OPTIMIZATION_LEVEL = "-Onone";
			};
			name = Debug;
		};
		90A4AE342B245EB00082CE42 /* Release */ = {
			isa = XCBuildConfiguration;
			buildSettings = {
				ALWAYS_SEARCH_USER_PATHS = NO;
				ASSETCATALOG_COMPILER_GENERATE_SWIFT_ASSET_SYMBOL_EXTENSIONS = YES;
				CLANG_ANALYZER_NONNULL = YES;
				CLANG_ANALYZER_NUMBER_OBJECT_CONVERSION = YES_AGGRESSIVE;
				CLANG_CXX_LANGUAGE_STANDARD = "gnu++20";
				CLANG_ENABLE_MODULES = YES;
				CLANG_ENABLE_OBJC_ARC = YES;
				CLANG_ENABLE_OBJC_WEAK = YES;
				CLANG_WARN_BLOCK_CAPTURE_AUTORELEASING = YES;
				CLANG_WARN_BOOL_CONVERSION = YES;
				CLANG_WARN_COMMA = YES;
				CLANG_WARN_CONSTANT_CONVERSION = YES;
				CLANG_WARN_DEPRECATED_OBJC_IMPLEMENTATIONS = YES;
				CLANG_WARN_DIRECT_OBJC_ISA_USAGE = YES_ERROR;
				CLANG_WARN_DOCUMENTATION_COMMENTS = YES;
				CLANG_WARN_EMPTY_BODY = YES;
				CLANG_WARN_ENUM_CONVERSION = YES;
				CLANG_WARN_INFINITE_RECURSION = YES;
				CLANG_WARN_INT_CONVERSION = YES;
				CLANG_WARN_NON_LITERAL_NULL_CONVERSION = YES;
				CLANG_WARN_OBJC_IMPLICIT_RETAIN_SELF = YES;
				CLANG_WARN_OBJC_LITERAL_CONVERSION = YES;
				CLANG_WARN_OBJC_ROOT_CLASS = YES_ERROR;
				CLANG_WARN_QUOTED_INCLUDE_IN_FRAMEWORK_HEADER = YES;
				CLANG_WARN_RANGE_LOOP_ANALYSIS = YES;
				CLANG_WARN_STRICT_PROTOTYPES = YES;
				CLANG_WARN_SUSPICIOUS_MOVE = YES;
				CLANG_WARN_UNGUARDED_AVAILABILITY = YES_AGGRESSIVE;
				CLANG_WARN_UNREACHABLE_CODE = YES;
				CLANG_WARN__DUPLICATE_METHOD_MATCH = YES;
				COPY_PHASE_STRIP = NO;
				DEBUG_INFORMATION_FORMAT = "dwarf-with-dsym";
				ENABLE_NS_ASSERTIONS = NO;
				ENABLE_STRICT_OBJC_MSGSEND = YES;
				ENABLE_USER_SCRIPT_SANDBOXING = YES;
				GCC_C_LANGUAGE_STANDARD = gnu17;
				GCC_NO_COMMON_BLOCKS = YES;
				GCC_WARN_64_TO_32_BIT_CONVERSION = YES;
				GCC_WARN_ABOUT_RETURN_TYPE = YES_ERROR;
				GCC_WARN_UNDECLARED_SELECTOR = YES;
				GCC_WARN_UNINITIALIZED_AUTOS = YES_AGGRESSIVE;
				GCC_WARN_UNUSED_FUNCTION = YES;
				GCC_WARN_UNUSED_VARIABLE = YES;
				IPHONEOS_DEPLOYMENT_TARGET = 17.0;
				LOCALIZATION_PREFERS_STRING_CATALOGS = YES;
				MTL_ENABLE_DEBUG_INFO = NO;
				MTL_FAST_MATH = YES;
				SDKROOT = iphoneos;
				SWIFT_COMPILATION_MODE = wholemodule;
				VALIDATE_PRODUCT = YES;
			};
			name = Release;
		};
		90A4AE362B245EB00082CE42 /* Debug */ = {
			isa = XCBuildConfiguration;
			buildSettings = {
				ASSETCATALOG_COMPILER_APPICON_NAME = AppIcon;
				ASSETCATALOG_COMPILER_GLOBAL_ACCENT_COLOR_NAME = AccentColor;
				CODE_SIGN_STYLE = Automatic;
				CURRENT_PROJECT_VERSION = 1;
				DEVELOPMENT_ASSET_PATHS = "\"Landmarks/Preview Content\"";
				DEVELOPMENT_TEAM = RU49YWFPCS;
				ENABLE_PREVIEWS = YES;
				GENERATE_INFOPLIST_FILE = YES;
				INFOPLIST_KEY_UIApplicationSceneManifest_Generation = YES;
				INFOPLIST_KEY_UIApplicationSupportsIndirectInputEvents = YES;
				INFOPLIST_KEY_UILaunchScreen_Generation = YES;
				INFOPLIST_KEY_UISupportedInterfaceOrientations_iPad = "UIInterfaceOrientationPortrait UIInterfaceOrientationPortraitUpsideDown UIInterfaceOrientationLandscapeLeft UIInterfaceOrientationLandscapeRight";
				INFOPLIST_KEY_UISupportedInterfaceOrientations_iPhone = "UIInterfaceOrientationPortrait UIInterfaceOrientationLandscapeLeft UIInterfaceOrientationLandscapeRight";
				LD_RUNPATH_SEARCH_PATHS = (
					"$(inherited)",
					"@executable_path/Frameworks",
				);
				MARKETING_VERSION = 1.0;
				PRODUCT_BUNDLE_IDENTIFIER = me.korsveien.Landmarks;
				PRODUCT_NAME = "$(TARGET_NAME)";
				SWIFT_EMIT_LOC_STRINGS = YES;
				SWIFT_VERSION = 5.0;
				TARGETED_DEVICE_FAMILY = "1,2";
			};
			name = Debug;
		};
		90A4AE372B245EB00082CE42 /* Release */ = {
			isa = XCBuildConfiguration;
			buildSettings = {
				ASSETCATALOG_COMPILER_APPICON_NAME = AppIcon;
				ASSETCATALOG_COMPILER_GLOBAL_ACCENT_COLOR_NAME = AccentColor;
				CODE_SIGN_STYLE = Automatic;
				CURRENT_PROJECT_VERSION = 1;
				DEVELOPMENT_ASSET_PATHS = "\"Landmarks/Preview Content\"";
				DEVELOPMENT_TEAM = RU49YWFPCS;
				ENABLE_PREVIEWS = YES;
				GENERATE_INFOPLIST_FILE = YES;
				INFOPLIST_KEY_UIApplicationSceneManifest_Generation = YES;
				INFOPLIST_KEY_UIApplicationSupportsIndirectInputEvents = YES;
				INFOPLIST_KEY_UILaunchScreen_Generation = YES;
				INFOPLIST_KEY_UISupportedInterfaceOrientations_iPad = "UIInterfaceOrientationPortrait UIInterfaceOrientationPortraitUpsideDown UIInterfaceOrientationLandscapeLeft UIInterfaceOrientationLandscapeRight";
				INFOPLIST_KEY_UISupportedInterfaceOrientations_iPhone = "UIInterfaceOrientationPortrait UIInterfaceOrientationLandscapeLeft UIInterfaceOrientationLandscapeRight";
				LD_RUNPATH_SEARCH_PATHS = (
					"$(inherited)",
					"@executable_path/Frameworks",
				);
				MARKETING_VERSION = 1.0;
				PRODUCT_BUNDLE_IDENTIFIER = me.korsveien.Landmarks;
				PRODUCT_NAME = "$(TARGET_NAME)";
				SWIFT_EMIT_LOC_STRINGS = YES;
				SWIFT_VERSION = 5.0;
				TARGETED_DEVICE_FAMILY = "1,2";
			};
			name = Release;
		};
		90A4AE392B245EB00082CE42 /* Debug */ = {
			isa = XCBuildConfiguration;
			buildSettings = {
				ALWAYS_EMBED_SWIFT_STANDARD_LIBRARIES = YES;
				BUNDLE_LOADER = "$(TEST_HOST)";
				CODE_SIGN_STYLE = Automatic;
				CURRENT_PROJECT_VERSION = 1;
				DEVELOPMENT_TEAM = RU49YWFPCS;
				GENERATE_INFOPLIST_FILE = YES;
				IPHONEOS_DEPLOYMENT_TARGET = 17.0;
				MARKETING_VERSION = 1.0;
				PRODUCT_BUNDLE_IDENTIFIER = me.korsveien.LandmarksTests;
				PRODUCT_NAME = "$(TARGET_NAME)";
				SWIFT_EMIT_LOC_STRINGS = NO;
				SWIFT_VERSION = 5.0;
				TARGETED_DEVICE_FAMILY = "1,2";
				TEST_HOST = "$(BUILT_PRODUCTS_DIR)/Landmarks.app/$(BUNDLE_EXECUTABLE_FOLDER_PATH)/Landmarks";
			};
			name = Debug;
		};
		90A4AE3A2B245EB00082CE42 /* Release */ = {
			isa = XCBuildConfiguration;
			buildSettings = {
				ALWAYS_EMBED_SWIFT_STANDARD_LIBRARIES = YES;
				BUNDLE_LOADER = "$(TEST_HOST)";
				CODE_SIGN_STYLE = Automatic;
				CURRENT_PROJECT_VERSION = 1;
				DEVELOPMENT_TEAM = RU49YWFPCS;
				GENERATE_INFOPLIST_FILE = YES;
				IPHONEOS_DEPLOYMENT_TARGET = 17.0;
				MARKETING_VERSION = 1.0;
				PRODUCT_BUNDLE_IDENTIFIER = me.korsveien.LandmarksTests;
				PRODUCT_NAME = "$(TARGET_NAME)";
				SWIFT_EMIT_LOC_STRINGS = NO;
				SWIFT_VERSION = 5.0;
				TARGETED_DEVICE_FAMILY = "1,2";
				TEST_HOST = "$(BUILT_PRODUCTS_DIR)/Landmarks.app/$(BUNDLE_EXECUTABLE_FOLDER_PATH)/Landmarks";
			};
			name = Release;
		};
		90A4AE3C2B245EB00082CE42 /* Debug */ = {
			isa = XCBuildConfiguration;
			buildSettings = {
				ALWAYS_EMBED_SWIFT_STANDARD_LIBRARIES = YES;
				CODE_SIGN_STYLE = Automatic;
				CURRENT_PROJECT_VERSION = 1;
				DEVELOPMENT_TEAM = RU49YWFPCS;
				GENERATE_INFOPLIST_FILE = YES;
				MARKETING_VERSION = 1.0;
				PRODUCT_BUNDLE_IDENTIFIER = me.korsveien.LandmarksUITests;
				PRODUCT_NAME = "$(TARGET_NAME)";
				SWIFT_EMIT_LOC_STRINGS = NO;
				SWIFT_VERSION = 5.0;
				TARGETED_DEVICE_FAMILY = "1,2";
				TEST_TARGET_NAME = Landmarks;
			};
			name = Debug;
		};
		90A4AE3D2B245EB00082CE42 /* Release */ = {
			isa = XCBuildConfiguration;
			buildSettings = {
				ALWAYS_EMBED_SWIFT_STANDARD_LIBRARIES = YES;
				CODE_SIGN_STYLE = Automatic;
				CURRENT_PROJECT_VERSION = 1;
				DEVELOPMENT_TEAM = RU49YWFPCS;
				GENERATE_INFOPLIST_FILE = YES;
				MARKETING_VERSION = 1.0;
				PRODUCT_BUNDLE_IDENTIFIER = me.korsveien.LandmarksUITests;
				PRODUCT_NAME = "$(TARGET_NAME)";
				SWIFT_EMIT_LOC_STRINGS = NO;
				SWIFT_VERSION = 5.0;
				TARGETED_DEVICE_FAMILY = "1,2";
				TEST_TARGET_NAME = Landmarks;
			};
			name = Release;
		};
/* End XCBuildConfiguration section */

/* Begin XCConfigurationList section */
		90A4AE0C2B245EAD0082CE42 /* Build configuration list for PBXProject "Landmarks" */ = {
			isa = XCConfigurationList;
			buildConfigurations = (
				90A4AE332B245EB00082CE42 /* Debug */,
				90A4AE342B245EB00082CE42 /* Release */,
			);
			defaultConfigurationIsVisible = 0;
			defaultConfigurationName = Release;
		};
		90A4AE352B245EB00082CE42 /* Build configuration list for PBXNativeTarget "Landmarks" */ = {
			isa = XCConfigurationList;
			buildConfigurations = (
				90A4AE362B245EB00082CE42 /* Debug */,
				90A4AE372B245EB00082CE42 /* Release */,
			);
			defaultConfigurationIsVisible = 0;
			defaultConfigurationName = Release;
		};
		90A4AE382B245EB00082CE42 /* Build configuration list for PBXNativeTarget "LandmarksTests" */ = {
			isa = XCConfigurationList;
			buildConfigurations = (
				90A4AE392B245EB00082CE42 /* Debug */,
				90A4AE3A2B245EB00082CE42 /* Release */,
			);
			defaultConfigurationIsVisible = 0;
			defaultConfigurationName = Release;
		};
		90A4AE3B2B245EB00082CE42 /* Build configuration list for PBXNativeTarget "LandmarksUITests" */ = {
			isa = XCConfigurationList;
			buildConfigurations = (
				90A4AE3C2B245EB00082CE42 /* Debug */,
				90A4AE3D2B245EB00082CE42 /* Release */,
			);
			defaultConfigurationIsVisible = 0;
			defaultConfigurationName = Release;
		};
/* End XCConfigurationList section */
	};
	rootObject = 90A4AE092B245EAD0082CE42 /* Project object */;
}
